// !$*UTF8*$!
{
	archiveVersion = 1;
	classes = {
	};
	objectVersion = 46;
	objects = {

/* Begin PBXBuildFile section */
		AE4549991BB0D6620015A98B /* AppDelegate.swift in Sources */ = {isa = PBXBuildFile; fileRef = AE4549981BB0D6620015A98B /* AppDelegate.swift */; };
		AE45499B1BB0D6620015A98B /* MasterViewController.swift in Sources */ = {isa = PBXBuildFile; fileRef = AE45499A1BB0D6620015A98B /* MasterViewController.swift */; };
		AE4549A01BB0D6620015A98B /* Main.storyboard in Resources */ = {isa = PBXBuildFile; fileRef = AE45499E1BB0D6620015A98B /* Main.storyboard */; };
		AE4549A21BB0D6620015A98B /* Assets.xcassets in Resources */ = {isa = PBXBuildFile; fileRef = AE4549A11BB0D6620015A98B /* Assets.xcassets */; };
		AE4549A51BB0D6620015A98B /* LaunchScreen.storyboard in Resources */ = {isa = PBXBuildFile; fileRef = AE4549A31BB0D6620015A98B /* LaunchScreen.storyboard */; };
		AE4549C91BB0D6F90015A98B /* CubeFlip.swift in Sources */ = {isa = PBXBuildFile; fileRef = AE4549C81BB0D6F90015A98B /* CubeFlip.swift */; };
/* End PBXBuildFile section */

/* Begin PBXContainerItemProxy section */
		AE4549AC1BB0D6620015A98B /* PBXContainerItemProxy */ = {
			isa = PBXContainerItemProxy;
			containerPortal = AE45498D1BB0D6620015A98B /* Project object */;
			proxyType = 1;
			remoteGlobalIDString = AE4549941BB0D6620015A98B;
			remoteInfo = CubeFlip;
		};
		AE4549B71BB0D6620015A98B /* PBXContainerItemProxy */ = {
			isa = PBXContainerItemProxy;
			containerPortal = AE45498D1BB0D6620015A98B /* Project object */;
			proxyType = 1;
			remoteGlobalIDString = AE4549941BB0D6620015A98B;
			remoteInfo = CubeFlip;
		};
/* End PBXContainerItemProxy section */

/* Begin PBXFileReference section */
		AE4549951BB0D6620015A98B /* CubeFlip.app */ = {isa = PBXFileReference; explicitFileType = wrapper.application; includeInIndex = 0; path = CubeFlip.app; sourceTree = BUILT_PRODUCTS_DIR; };
		AE4549981BB0D6620015A98B /* AppDelegate.swift */ = {isa = PBXFileReference; lastKnownFileType = sourcecode.swift; path = AppDelegate.swift; sourceTree = "<group>"; };
		AE45499A1BB0D6620015A98B /* MasterViewController.swift */ = {isa = PBXFileReference; lastKnownFileType = sourcecode.swift; path = MasterViewController.swift; sourceTree = "<group>"; };
		AE45499F1BB0D6620015A98B /* Base */ = {isa = PBXFileReference; lastKnownFileType = file.storyboard; name = Base; path = Base.lproj/Main.storyboard; sourceTree = "<group>"; };
		AE4549A11BB0D6620015A98B /* Assets.xcassets */ = {isa = PBXFileReference; lastKnownFileType = folder.assetcatalog; path = Assets.xcassets; sourceTree = "<group>"; };
		AE4549A41BB0D6620015A98B /* Base */ = {isa = PBXFileReference; lastKnownFileType = file.storyboard; name = Base; path = Base.lproj/LaunchScreen.storyboard; sourceTree = "<group>"; };
		AE4549A61BB0D6620015A98B /* Info.plist */ = {isa = PBXFileReference; lastKnownFileType = text.plist.xml; path = Info.plist; sourceTree = "<group>"; };
		AE4549AB1BB0D6620015A98B /* CubeFlipTests.xctest */ = {isa = PBXFileReference; explicitFileType = wrapper.cfbundle; includeInIndex = 0; path = CubeFlipTests.xctest; sourceTree = BUILT_PRODUCTS_DIR; };
		AE4549B61BB0D6620015A98B /* CubeFlipUITests.xctest */ = {isa = PBXFileReference; explicitFileType = wrapper.cfbundle; includeInIndex = 0; path = CubeFlipUITests.xctest; sourceTree = BUILT_PRODUCTS_DIR; };
		AE4549C81BB0D6F90015A98B /* CubeFlip.swift */ = {isa = PBXFileReference; fileEncoding = 4; lastKnownFileType = sourcecode.swift; name = CubeFlip.swift; path = ../../SRC/CubeFlip.swift; sourceTree = "<group>"; };
/* End PBXFileReference section */

/* Begin PBXFrameworksBuildPhase section */
		AE4549921BB0D6620015A98B /* Frameworks */ = {
			isa = PBXFrameworksBuildPhase;
			buildActionMask = 2147483647;
			files = (
			);
			runOnlyForDeploymentPostprocessing = 0;
		};
		AE4549A81BB0D6620015A98B /* Frameworks */ = {
			isa = PBXFrameworksBuildPhase;
			buildActionMask = 2147483647;
			files = (
			);
			runOnlyForDeploymentPostprocessing = 0;
		};
		AE4549B31BB0D6620015A98B /* Frameworks */ = {
			isa = PBXFrameworksBuildPhase;
			buildActionMask = 2147483647;
			files = (
			);
			runOnlyForDeploymentPostprocessing = 0;
		};
/* End PBXFrameworksBuildPhase section */

/* Begin PBXGroup section */
		AE45498C1BB0D6620015A98B = {
			isa = PBXGroup;
			children = (
				AE65A8C91BB4C1A400CECAF3 /* Frameworks */,
				AE4549971BB0D6620015A98B /* CubeFlip */,
				AE4549961BB0D6620015A98B /* Products */,
			);
			sourceTree = "<group>";
		};
		AE4549961BB0D6620015A98B /* Products */ = {
			isa = PBXGroup;
			children = (
				AE4549951BB0D6620015A98B /* CubeFlip.app */,
				AE4549AB1BB0D6620015A98B /* CubeFlipTests.xctest */,
				AE4549B61BB0D6620015A98B /* CubeFlipUITests.xctest */,
			);
			name = Products;
			sourceTree = "<group>";
		};
		AE4549971BB0D6620015A98B /* CubeFlip */ = {
			isa = PBXGroup;
			children = (
				AE4549CA1BB0D7640015A98B /* SRC */,
				AE4549981BB0D6620015A98B /* AppDelegate.swift */,
				AE45499A1BB0D6620015A98B /* MasterViewController.swift */,
				AE45499E1BB0D6620015A98B /* Main.storyboard */,
				AE4549A11BB0D6620015A98B /* Assets.xcassets */,
				AE4549A31BB0D6620015A98B /* LaunchScreen.storyboard */,
				AE4549A61BB0D6620015A98B /* Info.plist */,
			);
			path = CubeFlip;
			sourceTree = "<group>";
		};
		AE4549CA1BB0D7640015A98B /* SRC */ = {
			isa = PBXGroup;
			children = (
				AE4549C81BB0D6F90015A98B /* CubeFlip.swift */,
			);
			name = SRC;
			sourceTree = "<group>";
		};
		AE65A8C91BB4C1A400CECAF3 /* Frameworks */ = {
			isa = PBXGroup;
			children = (
			);
			name = Frameworks;
			sourceTree = "<group>";
		};
/* End PBXGroup section */

/* Begin PBXNativeTarget section */
		AE4549941BB0D6620015A98B /* CubeFlip */ = {
			isa = PBXNativeTarget;
			buildConfigurationList = AE4549BF1BB0D6620015A98B /* Build configuration list for PBXNativeTarget "CubeFlip" */;
			buildPhases = (
				AE4549911BB0D6620015A98B /* Sources */,
				AE4549921BB0D6620015A98B /* Frameworks */,
				AE4549931BB0D6620015A98B /* Resources */,
			);
			buildRules = (
			);
			dependencies = (
			);
			name = CubeFlip;
			productName = CubeFlip;
			productReference = AE4549951BB0D6620015A98B /* CubeFlip.app */;
			productType = "com.apple.product-type.application";
		};
		AE4549AA1BB0D6620015A98B /* CubeFlipTests */ = {
			isa = PBXNativeTarget;
			buildConfigurationList = AE4549C21BB0D6620015A98B /* Build configuration list for PBXNativeTarget "CubeFlipTests" */;
			buildPhases = (
				AE4549A71BB0D6620015A98B /* Sources */,
				AE4549A81BB0D6620015A98B /* Frameworks */,
				AE4549A91BB0D6620015A98B /* Resources */,
			);
			buildRules = (
			);
			dependencies = (
				AE4549AD1BB0D6620015A98B /* PBXTargetDependency */,
			);
			name = CubeFlipTests;
			productName = CubeFlipTests;
			productReference = AE4549AB1BB0D6620015A98B /* CubeFlipTests.xctest */;
			productType = "com.apple.product-type.bundle.unit-test";
		};
		AE4549B51BB0D6620015A98B /* CubeFlipUITests */ = {
			isa = PBXNativeTarget;
			buildConfigurationList = AE4549C51BB0D6620015A98B /* Build configuration list for PBXNativeTarget "CubeFlipUITests" */;
			buildPhases = (
				AE4549B21BB0D6620015A98B /* Sources */,
				AE4549B31BB0D6620015A98B /* Frameworks */,
				AE4549B41BB0D6620015A98B /* Resources */,
			);
			buildRules = (
			);
			dependencies = (
				AE4549B81BB0D6620015A98B /* PBXTargetDependency */,
			);
			name = CubeFlipUITests;
			productName = CubeFlipUITests;
			productReference = AE4549B61BB0D6620015A98B /* CubeFlipUITests.xctest */;
			productType = "com.apple.product-type.bundle.ui-testing";
		};
/* End PBXNativeTarget section */

/* Begin PBXProject section */
		AE45498D1BB0D6620015A98B /* Project object */ = {
			isa = PBXProject;
			attributes = {
				LastUpgradeCheck = 0700;
				ORGANIZATIONNAME = "norbert-billa";
				TargetAttributes = {
					AE4549941BB0D6620015A98B = {
						CreatedOnToolsVersion = 7.0;
						LastSwiftMigration = 0820;
					};
					AE4549AA1BB0D6620015A98B = {
						CreatedOnToolsVersion = 7.0;
						LastSwiftMigration = 0820;
						TestTargetID = AE4549941BB0D6620015A98B;
					};
					AE4549B51BB0D6620015A98B = {
						CreatedOnToolsVersion = 7.0;
						LastSwiftMigration = 0820;
						TestTargetID = AE4549941BB0D6620015A98B;
					};
				};
			};
			buildConfigurationList = AE4549901BB0D6620015A98B /* Build configuration list for PBXProject "CubeFlip" */;
			compatibilityVersion = "Xcode 3.2";
			developmentRegion = English;
			hasScannedForEncodings = 0;
			knownRegions = (
				en,
				Base,
			);
			mainGroup = AE45498C1BB0D6620015A98B;
			productRefGroup = AE4549961BB0D6620015A98B /* Products */;
			projectDirPath = "";
			projectRoot = "";
			targets = (
				AE4549941BB0D6620015A98B /* CubeFlip */,
				AE4549AA1BB0D6620015A98B /* CubeFlipTests */,
				AE4549B51BB0D6620015A98B /* CubeFlipUITests */,
			);
		};
/* End PBXProject section */

/* Begin PBXResourcesBuildPhase section */
		AE4549931BB0D6620015A98B /* Resources */ = {
			isa = PBXResourcesBuildPhase;
			buildActionMask = 2147483647;
			files = (
				AE4549A51BB0D6620015A98B /* LaunchScreen.storyboard in Resources */,
				AE4549A21BB0D6620015A98B /* Assets.xcassets in Resources */,
				AE4549A01BB0D6620015A98B /* Main.storyboard in Resources */,
			);
			runOnlyForDeploymentPostprocessing = 0;
		};
		AE4549A91BB0D6620015A98B /* Resources */ = {
			isa = PBXResourcesBuildPhase;
			buildActionMask = 2147483647;
			files = (
			);
			runOnlyForDeploymentPostprocessing = 0;
		};
		AE4549B41BB0D6620015A98B /* Resources */ = {
			isa = PBXResourcesBuildPhase;
			buildActionMask = 2147483647;
			files = (
			);
			runOnlyForDeploymentPostprocessing = 0;
		};
/* End PBXResourcesBuildPhase section */

/* Begin PBXSourcesBuildPhase section */
		AE4549911BB0D6620015A98B /* Sources */ = {
			isa = PBXSourcesBuildPhase;
			buildActionMask = 2147483647;
			files = (
				AE45499B1BB0D6620015A98B /* MasterViewController.swift in Sources */,
				AE4549991BB0D6620015A98B /* AppDelegate.swift in Sources */,
				AE4549C91BB0D6F90015A98B /* CubeFlip.swift in Sources */,
			);
			runOnlyForDeploymentPostprocessing = 0;
		};
		AE4549A71BB0D6620015A98B /* Sources */ = {
			isa = PBXSourcesBuildPhase;
			buildActionMask = 2147483647;
			files = (
			);
			runOnlyForDeploymentPostprocessing = 0;
		};
		AE4549B21BB0D6620015A98B /* Sources */ = {
			isa = PBXSourcesBuildPhase;
			buildActionMask = 2147483647;
			files = (
			);
			runOnlyForDeploymentPostprocessing = 0;
		};
/* End PBXSourcesBuildPhase section */

/* Begin PBXTargetDependency section */
		AE4549AD1BB0D6620015A98B /* PBXTargetDependency */ = {
			isa = PBXTargetDependency;
			target = AE4549941BB0D6620015A98B /* CubeFlip */;
			targetProxy = AE4549AC1BB0D6620015A98B /* PBXContainerItemProxy */;
		};
		AE4549B81BB0D6620015A98B /* PBXTargetDependency */ = {
			isa = PBXTargetDependency;
			target = AE4549941BB0D6620015A98B /* CubeFlip */;
			targetProxy = AE4549B71BB0D6620015A98B /* PBXContainerItemProxy */;
		};
/* End PBXTargetDependency section */

/* Begin PBXVariantGroup section */
		AE45499E1BB0D6620015A98B /* Main.storyboard */ = {
			isa = PBXVariantGroup;
			children = (
				AE45499F1BB0D6620015A98B /* Base */,
			);
			name = Main.storyboard;
			sourceTree = "<group>";
		};
		AE4549A31BB0D6620015A98B /* LaunchScreen.storyboard */ = {
			isa = PBXVariantGroup;
			children = (
				AE4549A41BB0D6620015A98B /* Base */,
			);
			name = LaunchScreen.storyboard;
			sourceTree = "<group>";
		};
/* End PBXVariantGroup section */

/* Begin XCBuildConfiguration section */
		AE4549BD1BB0D6620015A98B /* Debug */ = {
			isa = XCBuildConfiguration;
			buildSettings = {
				ALWAYS_SEARCH_USER_PATHS = NO;
				CLANG_CXX_LANGUAGE_STANDARD = "gnu++0x";
				CLANG_CXX_LIBRARY = "libc++";
				CLANG_ENABLE_MODULES = YES;
				CLANG_ENABLE_OBJC_ARC = YES;
				CLANG_WARN_BOOL_CONVERSION = YES;
				CLANG_WARN_CONSTANT_CONVERSION = YES;
				CLANG_WARN_DIRECT_OBJC_ISA_USAGE = YES_ERROR;
				CLANG_WARN_EMPTY_BODY = YES;
				CLANG_WARN_ENUM_CONVERSION = YES;
				CLANG_WARN_INT_CONVERSION = YES;
				CLANG_WARN_OBJC_ROOT_CLASS = YES_ERROR;
				CLANG_WARN_UNREACHABLE_CODE = YES;
				CLANG_WARN__DUPLICATE_METHOD_MATCH = YES;
				"CODE_SIGN_IDENTITY[sdk=iphoneos*]" = "iPhone Developer";
				COPY_PHASE_STRIP = NO;
				DEBUG_INFORMATION_FORMAT = dwarf;
				ENABLE_STRICT_OBJC_MSGSEND = YES;
				ENABLE_TESTABILITY = YES;
				GCC_C_LANGUAGE_STANDARD = gnu99;
				GCC_DYNAMIC_NO_PIC = NO;
				GCC_NO_COMMON_BLOCKS = YES;
				GCC_OPTIMIZATION_LEVEL = 0;
				GCC_PREPROCESSOR_DEFINITIONS = (
					"DEBUG=1",
					"$(inherited)",
				);
				GCC_WARN_64_TO_32_BIT_CONVERSION = YES;
				GCC_WARN_ABOUT_RETURN_TYPE = YES_ERROR;
				GCC_WARN_UNDECLARED_SELECTOR = YES;
				GCC_WARN_UNINITIALIZED_AUTOS = YES_AGGRESSIVE;
				GCC_WARN_UNUSED_FUNCTION = YES;
				GCC_WARN_UNUSED_VARIABLE = YES;
				IPHONEOS_DEPLOYMENT_TARGET = 8.0;
				MTL_ENABLE_DEBUG_INFO = YES;
				ONLY_ACTIVE_ARCH = YES;
				SDKROOT = iphoneos;
				SWIFT_OPTIMIZATION_LEVEL = "-Onone";
				TARGETED_DEVICE_FAMILY = "1,2";
			};
			name = Debug;
		};
		AE4549BE1BB0D6620015A98B /* Release */ = {
			isa = XCBuildConfiguration;
			buildSettings = {
				ALWAYS_SEARCH_USER_PATHS = NO;
				CLANG_CXX_LANGUAGE_STANDARD = "gnu++0x";
				CLANG_CXX_LIBRARY = "libc++";
				CLANG_ENABLE_MODULES = YES;
				CLANG_ENABLE_OBJC_ARC = YES;
				CLANG_WARN_BOOL_CONVERSION = YES;
				CLANG_WARN_CONSTANT_CONVERSION = YES;
				CLANG_WARN_DIRECT_OBJC_ISA_USAGE = YES_ERROR;
				CLANG_WARN_EMPTY_BODY = YES;
				CLANG_WARN_ENUM_CONVERSION = YES;
				CLANG_WARN_INT_CONVERSION = YES;
				CLANG_WARN_OBJC_ROOT_CLASS = YES_ERROR;
				CLANG_WARN_UNREACHABLE_CODE = YES;
				CLANG_WARN__DUPLICATE_METHOD_MATCH = YES;
				"CODE_SIGN_IDENTITY[sdk=iphoneos*]" = "iPhone Developer";
				COPY_PHASE_STRIP = NO;
				DEBUG_INFORMATION_FORMAT = "dwarf-with-dsym";
				ENABLE_NS_ASSERTIONS = NO;
				ENABLE_STRICT_OBJC_MSGSEND = YES;
				GCC_C_LANGUAGE_STANDARD = gnu99;
				GCC_NO_COMMON_BLOCKS = YES;
				GCC_WARN_64_TO_32_BIT_CONVERSION = YES;
				GCC_WARN_ABOUT_RETURN_TYPE = YES_ERROR;
				GCC_WARN_UNDECLARED_SELECTOR = YES;
				GCC_WARN_UNINITIALIZED_AUTOS = YES_AGGRESSIVE;
				GCC_WARN_UNUSED_FUNCTION = YES;
				GCC_WARN_UNUSED_VARIABLE = YES;
				IPHONEOS_DEPLOYMENT_TARGET = 8.0;
				MTL_ENABLE_DEBUG_INFO = NO;
				SDKROOT = iphoneos;
				TARGETED_DEVICE_FAMILY = "1,2";
				VALIDATE_PRODUCT = YES;
			};
			name = Release;
		};
		AE4549C01BB0D6620015A98B /* Debug */ = {
			isa = XCBuildConfiguration;
			buildSettings = {
				ASSETCATALOG_COMPILER_APPICON_NAME = AppIcon;
				INFOPLIST_FILE = CubeFlip/Info.plist;
				LD_RUNPATH_SEARCH_PATHS = "$(inherited) @executable_path/Frameworks";
				PRODUCT_BUNDLE_IDENTIFIER = com.billa.CubeFlip;
				PRODUCT_NAME = "$(TARGET_NAME)";
				SWIFT_VERSION = 3.0;
			};
			name = Debug;
		};
		AE4549C11BB0D6620015A98B /* Release */ = {
			isa = XCBuildConfiguration;
			buildSettings = {
				ASSETCATALOG_COMPILER_APPICON_NAME = AppIcon;
				INFOPLIST_FILE = CubeFlip/Info.plist;
				LD_RUNPATH_SEARCH_PATHS = "$(inherited) @executable_path/Frameworks";
				PRODUCT_BUNDLE_IDENTIFIER = com.billa.CubeFlip;
				PRODUCT_NAME = "$(TARGET_NAME)";
				SWIFT_VERSION = 3.0;
			};
			name = Release;
		};
		AE4549C31BB0D6620015A98B /* Debug */ = {
			isa = XCBuildConfiguration;
			buildSettings = {
				BUNDLE_LOADER = "$(TEST_HOST)";
				INFOPLIST_FILE = CubeFlipTests/Info.plist;
				LD_RUNPATH_SEARCH_PATHS = "$(inherited) @executable_path/Frameworks @loader_path/Frameworks";
				PRODUCT_BUNDLE_IDENTIFIER = com.billa.CubeFlipTests;
				PRODUCT_NAME = "$(TARGET_NAME)";
				SWIFT_VERSION = 3.0;
				TEST_HOST = "$(BUILT_PRODUCTS_DIR)/CubeFlip.app/CubeFlip";
			};
			name = Debug;
		};
		AE4549C41BB0D6620015A98B /* Release */ = {
			isa = XCBuildConfiguration;
			buildSettings = {
				BUNDLE_LOADER = "$(TEST_HOST)";
				INFOPLIST_FILE = CubeFlipTests/Info.plist;
				LD_RUNPATH_SEARCH_PATHS = "$(inherited) @executable_path/Frameworks @loader_path/Frameworks";
				PRODUCT_BUNDLE_IDENTIFIER = com.billa.CubeFlipTests;
				PRODUCT_NAME = "$(TARGET_NAME)";
				SWIFT_VERSION = 3.0;
				TEST_HOST = "$(BUILT_PRODUCTS_DIR)/CubeFlip.app/CubeFlip";
			};
			name = Release;
		};
		AE4549C61BB0D6620015A98B /* Debug */ = {
			isa = XCBuildConfiguration;
			buildSettings = {
				INFOPLIST_FILE = CubeFlipUITests/Info.plist;
				LD_RUNPATH_SEARCH_PATHS = "$(inherited) @executable_path/Frameworks @loader_path/Frameworks";
				PRODUCT_BUNDLE_IDENTIFIER = com.billa.CubeFlipUITests;
				PRODUCT_NAME = "$(TARGET_NAME)";
				SWIFT_VERSION = 3.0;
				TEST_TARGET_NAME = CubeFlip;
				USES_XCTRUNNER = YES;
			};
			name = Debug;
		};
		AE4549C71BB0D6620015A98B /* Release */ = {
			isa = XCBuildConfiguration;
			buildSettings = {
				INFOPLIST_FILE = CubeFlipUITests/Info.plist;
				LD_RUNPATH_SEARCH_PATHS = "$(inherited) @executable_path/Frameworks @loader_path/Frameworks";
				PRODUCT_BUNDLE_IDENTIFIER = com.billa.CubeFlipUITests;
				PRODUCT_NAME = "$(TARGET_NAME)";
				SWIFT_VERSION = 3.0;
				TEST_TARGET_NAME = CubeFlip;
				USES_XCTRUNNER = YES;
			};
			name = Release;
		};
/* End XCBuildConfiguration section */

/* Begin XCConfigurationList section */
		AE4549901BB0D6620015A98B /* Build configuration list for PBXProject "CubeFlip" */ = {
			isa = XCConfigurationList;
			buildConfigurations = (
				AE4549BD1BB0D6620015A98B /* Debug */,
				AE4549BE1BB0D6620015A98B /* Release */,
			);
			defaultConfigurationIsVisible = 0;
			defaultConfigurationName = Release;
		};
		AE4549BF1BB0D6620015A98B /* Build configuration list for PBXNativeTarget "CubeFlip" */ = {
			isa = XCConfigurationList;
			buildConfigurations = (
				AE4549C01BB0D6620015A98B /* Debug */,
				AE4549C11BB0D6620015A98B /* Release */,
			);
			defaultConfigurationIsVisible = 0;
			defaultConfigurationName = Release;
		};
		AE4549C21BB0D6620015A98B /* Build configuration list for PBXNativeTarget "CubeFlipTests" */ = {
			isa = XCConfigurationList;
			buildConfigurations = (
				AE4549C31BB0D6620015A98B /* Debug */,
				AE4549C41BB0D6620015A98B /* Release */,
			);
			defaultConfigurationIsVisible = 0;
			defaultConfigurationName = Release;
		};
		AE4549C51BB0D6620015A98B /* Build configuration list for PBXNativeTarget "CubeFlipUITests" */ = {
			isa = XCConfigurationList;
			buildConfigurations = (
				AE4549C61BB0D6620015A98B /* Debug */,
				AE4549C71BB0D6620015A98B /* Release */,
			);
			defaultConfigurationIsVisible = 0;
			defaultConfigurationName = Release;
		};
/* End XCConfigurationList section */
	};
	rootObject = AE45498D1BB0D6620015A98B /* Project object */;
}
